// !$*UTF8*$!
{
	archiveVersion = 1;
	classes = {
	};
	objectVersion = 46;
	objects = {

/* Begin PBXBuildFile section */
		71E9352619DAE64000F20681 /* main.m in Sources */ = {isa = PBXBuildFile; fileRef = 71E9352519DAE64000F20681 /* main.m */; };
		71E9352919DAE64000F20681 /* AppDelegate.m in Sources */ = {isa = PBXBuildFile; fileRef = 71E9352819DAE64000F20681 /* AppDelegate.m */; };
		71E9352C19DAE64000F20681 /* ViewController.m in Sources */ = {isa = PBXBuildFile; fileRef = 71E9352B19DAE64000F20681 /* ViewController.m */; };
		71E9352F19DAE64000F20681 /* Main.storyboard in Resources */ = {isa = PBXBuildFile; fileRef = 71E9352D19DAE64000F20681 /* Main.storyboard */; };
		71E9353119DAE64000F20681 /* Images.xcassets in Resources */ = {isa = PBXBuildFile; fileRef = 71E9353019DAE64000F20681 /* Images.xcassets */; };
		71E9353419DAE64000F20681 /* LaunchScreen.xib in Resources */ = {isa = PBXBuildFile; fileRef = 71E9353219DAE64000F20681 /* LaunchScreen.xib */; };
		71E9354019DAE64000F20681 /* StckyUICollectionHeaderTests.m in Sources */ = {isa = PBXBuildFile; fileRef = 71E9353F19DAE64000F20681 /* StckyUICollectionHeaderTests.m */; };
		71E9354B19DAE9C200F20681 /* StickyCollectionReusableView.m in Sources */ = {isa = PBXBuildFile; fileRef = 71E9354A19DAE9C200F20681 /* StickyCollectionReusableView.m */; };
		71E9354E19DAE9D600F20681 /* CollectionViewCell.m in Sources */ = {isa = PBXBuildFile; fileRef = 71E9354D19DAE9D600F20681 /* CollectionViewCell.m */; };
		71E9355219DAEE3100F20681 /* StickyHeaderFlowLayout.m in Sources */ = {isa = PBXBuildFile; fileRef = 71E9355119DAEE3100F20681 /* StickyHeaderFlowLayout.m */; };
		71E9355419DAF03A00F20681 /* image3.jpg in Resources */ = {isa = PBXBuildFile; fileRef = 71E9355319DAF03A00F20681 /* image3.jpg */; };
/* End PBXBuildFile section */

/* Begin PBXContainerItemProxy section */
		71E9353A19DAE64000F20681 /* PBXContainerItemProxy */ = {
			isa = PBXContainerItemProxy;
			containerPortal = 71E9351819DAE64000F20681 /* Project object */;
			proxyType = 1;
			remoteGlobalIDString = 71E9351F19DAE64000F20681;
			remoteInfo = StckyUICollectionHeader;
		};
/* End PBXContainerItemProxy section */

/* Begin PBXFileReference section */
		71E9352019DAE64000F20681 /* StckyUICollectionHeader.app */ = {isa = PBXFileReference; explicitFileType = wrapper.application; includeInIndex = 0; path = StckyUICollectionHeader.app; sourceTree = BUILT_PRODUCTS_DIR; };
		71E9352419DAE64000F20681 /* Info.plist */ = {isa = PBXFileReference; lastKnownFileType = text.plist.xml; path = Info.plist; sourceTree = "<group>"; };
		71E9352519DAE64000F20681 /* main.m */ = {isa = PBXFileReference; lastKnownFileType = sourcecode.c.objc; path = main.m; sourceTree = "<group>"; };
		71E9352719DAE64000F20681 /* AppDelegate.h */ = {isa = PBXFileReference; lastKnownFileType = sourcecode.c.h; path = AppDelegate.h; sourceTree = "<group>"; };
		71E9352819DAE64000F20681 /* AppDelegate.m */ = {isa = PBXFileReference; lastKnownFileType = sourcecode.c.objc; path = AppDelegate.m; sourceTree = "<group>"; };
		71E9352A19DAE64000F20681 /* ViewController.h */ = {isa = PBXFileReference; lastKnownFileType = sourcecode.c.h; path = ViewController.h; sourceTree = "<group>"; };
		71E9352B19DAE64000F20681 /* ViewController.m */ = {isa = PBXFileReference; lastKnownFileType = sourcecode.c.objc; path = ViewController.m; sourceTree = "<group>"; };
		71E9352E19DAE64000F20681 /* Base */ = {isa = PBXFileReference; lastKnownFileType = file.storyboard; name = Base; path = Base.lproj/Main.storyboard; sourceTree = "<group>"; };
		71E9353019DAE64000F20681 /* Images.xcassets */ = {isa = PBXFileReference; lastKnownFileType = folder.assetcatalog; path = Images.xcassets; sourceTree = "<group>"; };
		71E9353319DAE64000F20681 /* Base */ = {isa = PBXFileReference; lastKnownFileType = file.xib; name = Base; path = Base.lproj/LaunchScreen.xib; sourceTree = "<group>"; };
		71E9353919DAE64000F20681 /* StckyUICollectionHeaderTests.xctest */ = {isa = PBXFileReference; explicitFileType = wrapper.cfbundle; includeInIndex = 0; path = StckyUICollectionHeaderTests.xctest; sourceTree = BUILT_PRODUCTS_DIR; };
		71E9353E19DAE64000F20681 /* Info.plist */ = {isa = PBXFileReference; lastKnownFileType = text.plist.xml; path = Info.plist; sourceTree = "<group>"; };
		71E9353F19DAE64000F20681 /* StckyUICollectionHeaderTests.m */ = {isa = PBXFileReference; lastKnownFileType = sourcecode.c.objc; path = StckyUICollectionHeaderTests.m; sourceTree = "<group>"; };
		71E9354919DAE9C200F20681 /* StickyCollectionReusableView.h */ = {isa = PBXFileReference; fileEncoding = 4; lastKnownFileType = sourcecode.c.h; path = StickyCollectionReusableView.h; sourceTree = "<group>"; };
		71E9354A19DAE9C200F20681 /* StickyCollectionReusableView.m */ = {isa = PBXFileReference; fileEncoding = 4; lastKnownFileType = sourcecode.c.objc; path = StickyCollectionReusableView.m; sourceTree = "<group>"; };
		71E9354C19DAE9D600F20681 /* CollectionViewCell.h */ = {isa = PBXFileReference; fileEncoding = 4; lastKnownFileType = sourcecode.c.h; path = CollectionViewCell.h; sourceTree = "<group>"; };
		71E9354D19DAE9D600F20681 /* CollectionViewCell.m */ = {isa = PBXFileReference; fileEncoding = 4; lastKnownFileType = sourcecode.c.objc; path = CollectionViewCell.m; sourceTree = "<group>"; };
		71E9355019DAEE3100F20681 /* StickyHeaderFlowLayout.h */ = {isa = PBXFileReference; fileEncoding = 4; lastKnownFileType = sourcecode.c.h; path = StickyHeaderFlowLayout.h; sourceTree = "<group>"; };
		71E9355119DAEE3100F20681 /* StickyHeaderFlowLayout.m */ = {isa = PBXFileReference; fileEncoding = 4; lastKnownFileType = sourcecode.c.objc; path = StickyHeaderFlowLayout.m; sourceTree = "<group>"; };
		71E9355319DAF03A00F20681 /* image3.jpg */ = {isa = PBXFileReference; lastKnownFileType = image.jpeg; path = image3.jpg; sourceTree = "<group>"; };
/* End PBXFileReference section */

/* Begin PBXFrameworksBuildPhase section */
		71E9351D19DAE64000F20681 /* Frameworks */ = {
			isa = PBXFrameworksBuildPhase;
			buildActionMask = 2147483647;
			files = (
			);
			runOnlyForDeploymentPostprocessing = 0;
		};
		71E9353619DAE64000F20681 /* Frameworks */ = {
			isa = PBXFrameworksBuildPhase;
			buildActionMask = 2147483647;
			files = (
			);
			runOnlyForDeploymentPostprocessing = 0;
		};
/* End PBXFrameworksBuildPhase section */

/* Begin PBXGroup section */
		71E9351719DAE64000F20681 = {
			isa = PBXGroup;
			children = (
				71E9352219DAE64000F20681 /* StckyUICollectionHeader */,
				71E9353C19DAE64000F20681 /* StckyUICollectionHeaderTests */,
				71E9352119DAE64000F20681 /* Products */,
			);
			sourceTree = "<group>";
		};
		71E9352119DAE64000F20681 /* Products */ = {
			isa = PBXGroup;
			children = (
				71E9352019DAE64000F20681 /* StckyUICollectionHeader.app */,
				71E9353919DAE64000F20681 /* StckyUICollectionHeaderTests.xctest */,
			);
			name = Products;
			sourceTree = "<group>";
		};
		71E9352219DAE64000F20681 /* StckyUICollectionHeader */ = {
			isa = PBXGroup;
			children = (
				71E9352719DAE64000F20681 /* AppDelegate.h */,
				71E9352819DAE64000F20681 /* AppDelegate.m */,
				71E9352A19DAE64000F20681 /* ViewController.h */,
				71E9352B19DAE64000F20681 /* ViewController.m */,
				71E9354919DAE9C200F20681 /* StickyCollectionReusableView.h */,
				71E9354A19DAE9C200F20681 /* StickyCollectionReusableView.m */,
				71E9354C19DAE9D600F20681 /* CollectionViewCell.h */,
				71E9354D19DAE9D600F20681 /* CollectionViewCell.m */,
				71E9355319DAF03A00F20681 /* image3.jpg */,
				71E9354F19DAEE3100F20681 /* Sticky Header */,
				71E9352D19DAE64000F20681 /* Main.storyboard */,
				71E9353019DAE64000F20681 /* Images.xcassets */,
				71E9353219DAE64000F20681 /* LaunchScreen.xib */,
				71E9352319DAE64000F20681 /* Supporting Files */,
			);
			path = StckyUICollectionHeader;
			sourceTree = "<group>";
		};
		71E9352319DAE64000F20681 /* Supporting Files */ = {
			isa = PBXGroup;
			children = (
				71E9352419DAE64000F20681 /* Info.plist */,
				71E9352519DAE64000F20681 /* main.m */,
			);
			name = "Supporting Files";
			sourceTree = "<group>";
		};
		71E9353C19DAE64000F20681 /* StckyUICollectionHeaderTests */ = {
			isa = PBXGroup;
			children = (
				71E9353F19DAE64000F20681 /* StckyUICollectionHeaderTests.m */,
				71E9353D19DAE64000F20681 /* Supporting Files */,
			);
			path = StckyUICollectionHeaderTests;
			sourceTree = "<group>";
		};
		71E9353D19DAE64000F20681 /* Supporting Files */ = {
			isa = PBXGroup;
			children = (
				71E9353E19DAE64000F20681 /* Info.plist */,
			);
			name = "Supporting Files";
			sourceTree = "<group>";
		};
		71E9354F19DAEE3100F20681 /* Sticky Header */ = {
			isa = PBXGroup;
			children = (
				71E9355019DAEE3100F20681 /* StickyHeaderFlowLayout.h */,
				71E9355119DAEE3100F20681 /* StickyHeaderFlowLayout.m */,
			);
			path = "Sticky Header";
			sourceTree = "<group>";
		};
/* End PBXGroup section */

/* Begin PBXNativeTarget section */
		71E9351F19DAE64000F20681 /* StckyUICollectionHeader */ = {
			isa = PBXNativeTarget;
			buildConfigurationList = 71E9354319DAE64000F20681 /* Build configuration list for PBXNativeTarget "StckyUICollectionHeader" */;
			buildPhases = (
				71E9351C19DAE64000F20681 /* Sources */,
				71E9351D19DAE64000F20681 /* Frameworks */,
				71E9351E19DAE64000F20681 /* Resources */,
			);
			buildRules = (
			);
			dependencies = (
			);
			name = StckyUICollectionHeader;
			productName = StckyUICollectionHeader;
			productReference = 71E9352019DAE64000F20681 /* StckyUICollectionHeader.app */;
			productType = "com.apple.product-type.application";
		};
		71E9353819DAE64000F20681 /* StckyUICollectionHeaderTests */ = {
			isa = PBXNativeTarget;
			buildConfigurationList = 71E9354619DAE64000F20681 /* Build configuration list for PBXNativeTarget "StckyUICollectionHeaderTests" */;
			buildPhases = (
				71E9353519DAE64000F20681 /* Sources */,
				71E9353619DAE64000F20681 /* Frameworks */,
				71E9353719DAE64000F20681 /* Resources */,
			);
			buildRules = (
			);
			dependencies = (
				71E9353B19DAE64000F20681 /* PBXTargetDependency */,
			);
			name = StckyUICollectionHeaderTests;
			productName = StckyUICollectionHeaderTests;
			productReference = 71E9353919DAE64000F20681 /* StckyUICollectionHeaderTests.xctest */;
			productType = "com.apple.product-type.bundle.unit-test";
		};
/* End PBXNativeTarget section */

/* Begin PBXProject section */
		71E9351819DAE64000F20681 /* Project object */ = {
			isa = PBXProject;
			attributes = {
				LastUpgradeCheck = 0600;
				ORGANIZATIONNAME = "Praphin SP";
				TargetAttributes = {
					71E9351F19DAE64000F20681 = {
						CreatedOnToolsVersion = 6.0;
					};
					71E9353819DAE64000F20681 = {
						CreatedOnToolsVersion = 6.0;
						TestTargetID = 71E9351F19DAE64000F20681;
					};
				};
			};
			buildConfigurationList = 71E9351B19DAE64000F20681 /* Build configuration list for PBXProject "StckyUICollectionHeader" */;
			compatibilityVersion = "Xcode 3.2";
			developmentRegion = English;
			hasScannedForEncodings = 0;
			knownRegions = (
				en,
				Base,
			);
			mainGroup = 71E9351719DAE64000F20681;
			productRefGroup = 71E9352119DAE64000F20681 /* Products */;
			projectDirPath = "";
			projectRoot = "";
			targets = (
				71E9351F19DAE64000F20681 /* StckyUICollectionHeader */,
				71E9353819DAE64000F20681 /* StckyUICollectionHeaderTests */,
			);
		};
/* End PBXProject section */

/* Begin PBXResourcesBuildPhase section */
		71E9351E19DAE64000F20681 /* Resources */ = {
			isa = PBXResourcesBuildPhase;
			buildActionMask = 2147483647;
			files = (
				71E9352F19DAE64000F20681 /* Main.storyboard in Resources */,
				71E9353419DAE64000F20681 /* LaunchScreen.xib in Resources */,
				71E9353119DAE64000F20681 /* Images.xcassets in Resources */,
				71E9355419DAF03A00F20681 /* image3.jpg in Resources */,
			);
			runOnlyForDeploymentPostprocessing = 0;
		};
		71E9353719DAE64000F20681 /* Resources */ = {
			isa = PBXResourcesBuildPhase;
			buildActionMask = 2147483647;
			files = (
			);
			runOnlyForDeploymentPostprocessing = 0;
		};
/* End PBXResourcesBuildPhase section */

/* Begin PBXSourcesBuildPhase section */
		71E9351C19DAE64000F20681 /* Sources */ = {
			isa = PBXSourcesBuildPhase;
			buildActionMask = 2147483647;
			files = (
				71E9352C19DAE64000F20681 /* ViewController.m in Sources */,
				71E9355219DAEE3100F20681 /* StickyHeaderFlowLayout.m in Sources */,
				71E9354E19DAE9D600F20681 /* CollectionViewCell.m in Sources */,
				71E9352919DAE64000F20681 /* AppDelegate.m in Sources */,
				71E9354B19DAE9C200F20681 /* StickyCollectionReusableView.m in Sources */,
				71E9352619DAE64000F20681 /* main.m in Sources */,
			);
			runOnlyForDeploymentPostprocessing = 0;
		};
		71E9353519DAE64000F20681 /* Sources */ = {
			isa = PBXSourcesBuildPhase;
			buildActionMask = 2147483647;
			files = (
				71E9354019DAE64000F20681 /* StckyUICollectionHeaderTests.m in Sources */,
			);
			runOnlyForDeploymentPostprocessing = 0;
		};
/* End PBXSourcesBuildPhase section */

/* Begin PBXTargetDependency section */
		71E9353B19DAE64000F20681 /* PBXTargetDependency */ = {
			isa = PBXTargetDependency;
			target = 71E9351F19DAE64000F20681 /* StckyUICollectionHeader */;
			targetProxy = 71E9353A19DAE64000F20681 /* PBXContainerItemProxy */;
		};
/* End PBXTargetDependency section */

/* Begin PBXVariantGroup section */
		71E9352D19DAE64000F20681 /* Main.storyboard */ = {
			isa = PBXVariantGroup;
			children = (
				71E9352E19DAE64000F20681 /* Base */,
			);
			name = Main.storyboard;
			sourceTree = "<group>";
		};
		71E9353219DAE64000F20681 /* LaunchScreen.xib */ = {
			isa = PBXVariantGroup;
			children = (
				71E9353319DAE64000F20681 /* Base */,
			);
			name = LaunchScreen.xib;
			sourceTree = "<group>";
		};
/* End PBXVariantGroup section */

/* Begin XCBuildConfiguration section */
		71E9354119DAE64000F20681 /* Debug */ = {
			isa = XCBuildConfiguration;
			buildSettings = {
				ALWAYS_SEARCH_USER_PATHS = NO;
				CLANG_CXX_LANGUAGE_STANDARD = "gnu++0x";
				CLANG_CXX_LIBRARY = "libc++";
				CLANG_ENABLE_MODULES = YES;
				CLANG_ENABLE_OBJC_ARC = YES;
				CLANG_WARN_BOOL_CONVERSION = YES;
				CLANG_WARN_CONSTANT_CONVERSION = YES;
				CLANG_WARN_DIRECT_OBJC_ISA_USAGE = YES_ERROR;
				CLANG_WARN_EMPTY_BODY = YES;
				CLANG_WARN_ENUM_CONVERSION = YES;
				CLANG_WARN_INT_CONVERSION = YES;
				CLANG_WARN_OBJC_ROOT_CLASS = YES_ERROR;
				CLANG_WARN_UNREACHABLE_CODE = YES;
				CLANG_WARN__DUPLICATE_METHOD_MATCH = YES;
				"CODE_SIGN_IDENTITY[sdk=iphoneos*]" = "iPhone Developer";
				COPY_PHASE_STRIP = NO;
				ENABLE_STRICT_OBJC_MSGSEND = YES;
				GCC_C_LANGUAGE_STANDARD = gnu99;
				GCC_DYNAMIC_NO_PIC = NO;
				GCC_OPTIMIZATION_LEVEL = 0;
				GCC_PREPROCESSOR_DEFINITIONS = (
					"DEBUG=1",
					"$(inherited)",
				);
				GCC_SYMBOLS_PRIVATE_EXTERN = NO;
				GCC_WARN_64_TO_32_BIT_CONVERSION = YES;
				GCC_WARN_ABOUT_RETURN_TYPE = YES_ERROR;
				GCC_WARN_UNDECLARED_SELECTOR = YES;
				GCC_WARN_UNINITIALIZED_AUTOS = YES_AGGRESSIVE;
				GCC_WARN_UNUSED_FUNCTION = YES;
				GCC_WARN_UNUSED_VARIABLE = YES;
				IPHONEOS_DEPLOYMENT_TARGET = 7.0;
				MTL_ENABLE_DEBUG_INFO = YES;
				ONLY_ACTIVE_ARCH = YES;
				SDKROOT = iphoneos;
			};
			name = Debug;
		};
		71E9354219DAE64000F20681 /* Release */ = {
			isa = XCBuildConfiguration;
			buildSettings = {
				ALWAYS_SEARCH_USER_PATHS = NO;
				CLANG_CXX_LANGUAGE_STANDARD = "gnu++0x";
				CLANG_CXX_LIBRARY = "libc++";
				CLANG_ENABLE_MODULES = YES;
				CLANG_ENABLE_OBJC_ARC = YES;
				CLANG_WARN_BOOL_CONVERSION = YES;
				CLANG_WARN_CONSTANT_CONVERSION = YES;
				CLANG_WARN_DIRECT_OBJC_ISA_USAGE = YES_ERROR;
				CLANG_WARN_EMPTY_BODY = YES;
				CLANG_WARN_ENUM_CONVERSION = YES;
				CLANG_WARN_INT_CONVERSION = YES;
				CLANG_WARN_OBJC_ROOT_CLASS = YES_ERROR;
				CLANG_WARN_UNREACHABLE_CODE = YES;
				CLANG_WARN__DUPLICATE_METHOD_MATCH = YES;
				"CODE_SIGN_IDENTITY[sdk=iphoneos*]" = "iPhone Developer";
				COPY_PHASE_STRIP = YES;
				ENABLE_NS_ASSERTIONS = NO;
				ENABLE_STRICT_OBJC_MSGSEND = YES;
				GCC_C_LANGUAGE_STANDARD = gnu99;
				GCC_WARN_64_TO_32_BIT_CONVERSION = YES;
				GCC_WARN_ABOUT_RETURN_TYPE = YES_ERROR;
				GCC_WARN_UNDECLARED_SELECTOR = YES;
				GCC_WARN_UNINITIALIZED_AUTOS = YES_AGGRESSIVE;
				GCC_WARN_UNUSED_FUNCTION = YES;
				GCC_WARN_UNUSED_VARIABLE = YES;
				IPHONEOS_DEPLOYMENT_TARGET = 7.0;
				MTL_ENABLE_DEBUG_INFO = NO;
				SDKROOT = iphoneos;
				VALIDATE_PRODUCT = YES;
			};
			name = Release;
		};
		71E9354419DAE64000F20681 /* Debug */ = {
			isa = XCBuildConfiguration;
			buildSettings = {
				ASSETCATALOG_COMPILER_APPICON_NAME = AppIcon;
				INFOPLIST_FILE = StckyUICollectionHeader/Info.plist;
				IPHONEOS_DEPLOYMENT_TARGET = 7.0;
				LD_RUNPATH_SEARCH_PATHS = "$(inherited) @executable_path/Frameworks";
				PRODUCT_NAME = "$(TARGET_NAME)";
			};
			name = Debug;
		};
		71E9354519DAE64000F20681 /* Release */ = {
			isa = XCBuildConfiguration;
			buildSettings = {
				ASSETCATALOG_COMPILER_APPICON_NAME = AppIcon;
				INFOPLIST_FILE = StckyUICollectionHeader/Info.plist;
				IPHONEOS_DEPLOYMENT_TARGET = 7.0;
				LD_RUNPATH_SEARCH_PATHS = "$(inherited) @executable_path/Frameworks";
				PRODUCT_NAME = "$(TARGET_NAME)";
			};
			name = Release;
		};
		71E9354719DAE64000F20681 /* Debug */ = {
			isa = XCBuildConfiguration;
			buildSettings = {
				BUNDLE_LOADER = "$(TEST_HOST)";
				FRAMEWORK_SEARCH_PATHS = (
					"$(SDKROOT)/Developer/Library/Frameworks",
					"$(inherited)",
				);
				GCC_PREPROCESSOR_DEFINITIONS = (
					"DEBUG=1",
					"$(inherited)",
				);
				INFOPLIST_FILE = StckyUICollectionHeaderTests/Info.plist;
				LD_RUNPATH_SEARCH_PATHS = "$(inherited) @executable_path/Frameworks @loader_path/Frameworks";
				PRODUCT_NAME = "$(TARGET_NAME)";
				TEST_HOST = "$(BUILT_PRODUCTS_DIR)/StckyUICollectionHeader.app/StckyUICollectionHeader";
			};
			name = Debug;
		};
		71E9354819DAE64000F20681 /* Release */ = {
			isa = XCBuildConfiguration;
			buildSettings = {
				BUNDLE_LOADER = "$(TEST_HOST)";
				FRAMEWORK_SEARCH_PATHS = (
					"$(SDKROOT)/Developer/Library/Frameworks",
					"$(inherited)",
				);
				INFOPLIST_FILE = StckyUICollectionHeaderTests/Info.plist;
				LD_RUNPATH_SEARCH_PATHS = "$(inherited) @executable_path/Frameworks @loader_path/Frameworks";
				PRODUCT_NAME = "$(TARGET_NAME)";
				TEST_HOST = "$(BUILT_PRODUCTS_DIR)/StckyUICollectionHeader.app/StckyUICollectionHeader";
			};
			name = Release;
		};
/* End XCBuildConfiguration section */

/* Begin XCConfigurationList section */
		71E9351B19DAE64000F20681 /* Build configuration list for PBXProject "StckyUICollectionHeader" */ = {
			isa = XCConfigurationList;
			buildConfigurations = (
				71E9354119DAE64000F20681 /* Debug */,
				71E9354219DAE64000F20681 /* Release */,
			);
			defaultConfigurationIsVisible = 0;
			defaultConfigurationName = Release;
		};
		71E9354319DAE64000F20681 /* Build configuration list for PBXNativeTarget "StckyUICollectionHeader" */ = {
			isa = XCConfigurationList;
			buildConfigurations = (
				71E9354419DAE64000F20681 /* Debug */,
				71E9354519DAE64000F20681 /* Release */,
			);
			defaultConfigurationIsVisible = 0;
		};
		71E9354619DAE64000F20681 /* Build configuration list for PBXNativeTarget "StckyUICollectionHeaderTests" */ = {
			isa = XCConfigurationList;
			buildConfigurations = (
				71E9354719DAE64000F20681 /* Debug */,
				71E9354819DAE64000F20681 /* Release */,
			);
			defaultConfigurationIsVisible = 0;
		};
/* End XCConfigurationList section */
	};
	rootObject = 71E9351819DAE64000F20681 /* Project object */;
}
